
Microsoft Visual Studio Solution File, Format Version 12.00
# Visual Studio Version 17
VisualStudioVersion = 17.14.36221.1
MinimumVisualStudioVersion = 10.0.40219.1
Project("{2150E333-8FDC-42A3-9474-1A3956D46DE8}") = "src", "src", "{02EA681E-C7D8-13C7-8484-4AC65E1B71E8}"
EndProject
Project("{2150E333-8FDC-42A3-9474-1A3956D46DE8}") = "Domain", "Domain", "{D0CB4D3F-B38F-46A9-A7DE-C1BCD5A6A322}"
EndProject
Project("{2150E333-8FDC-42A3-9474-1A3956D46DE8}") = "Application", "Application", "{8FD2F105-4856-4C65-AEA9-0AEA6E3E9BB7}"
EndProject
Project("{2150E333-8FDC-42A3-9474-1A3956D46DE8}") = "Infrastructure", "Infrastructure", "{066FE032-121E-49B9-8EF3-07C5BCD55DB7}"
EndProject
Project("{2150E333-8FDC-42A3-9474-1A3956D46DE8}") = "API", "API", "{65A30370-67D2-412E-94D1-9D6F5A625419}"
EndProject
Project("{FAE04EC0-301F-11D3-BF4B-00C04F79EFBC}") = "OrderManagement.API", "LearningMicroservices.API\OrderManagement.API.csproj", "{3728D979-CCA1-46BE-A76C-54ED93AE1329}"
EndProject
Project("{FAE04EC0-301F-11D3-BF4B-00C04F79EFBC}") = "OrderManagement.Application", "LearningMicroservices.Application\OrderManagement.Application.csproj", "{DE631DF3-57D6-4EFD-97D2-5FB404C53B66}"
EndProject
Project("{FAE04EC0-301F-11D3-BF4B-00C04F79EFBC}") = "OrderManagement.Domain", "LearningMicroservices.Domain\OrderManagement.Domain.csproj", "{E60E50B3-CEC8-4F2C-BEA4-F3EC416D5AC6}"
EndProject
Project("{FAE04EC0-301F-11D3-BF4B-00C04F79EFBC}") = "OrderManagement.Infrastructure", "LearningMicroservices.Infrastructure\OrderManagement.Infrastructure.csproj", "{F50B5244-6196-4D00-B5ED-FD349F817E9A}"
EndProject
Project("{2150E333-8FDC-42A3-9474-1A3956D46DE8}") = "OrderManagement", "OrderManagement", "{26D0EC76-EDA6-4780-AC52-F041FE5E13CB}"
EndProject
Project("{2150E333-8FDC-42A3-9474-1A3956D46DE8}") = "UserManagement", "UserManagement", "{4D78FA02-3C2A-451A-B9BD-A0D96E4D230D}"
EndProject
Project("{2150E333-8FDC-42A3-9474-1A3956D46DE8}") = "API", "API", "{E56DFE4B-27B7-4E8D-8C8C-7B0C4842BFFB}"
EndProject
Project("{2150E333-8FDC-42A3-9474-1A3956D46DE8}") = "Application", "Application", "{30746487-2E4B-4E6A-AA15-2C92127599E6}"
EndProject
Project("{2150E333-8FDC-42A3-9474-1A3956D46DE8}") = "Domain", "Domain", "{FFE4FB5C-423A-49D7-8B43-A15E02A08A3E}"
EndProject
Project("{2150E333-8FDC-42A3-9474-1A3956D46DE8}") = "Infrastructure", "Infrastructure", "{97F6E7EE-15A5-48EE-9E99-2BD16B3085C2}"
EndProject
Project("{FAE04EC0-301F-11D3-BF4B-00C04F79EFBC}") = "UserManagement.Application", "UserManagement.Application\UserManagement.Application.csproj", "{392E750F-F643-4D6A-B799-F2EF707E5C0B}"
EndProject
Project("{FAE04EC0-301F-11D3-BF4B-00C04F79EFBC}") = "UserManagement.Domain", "UserManagement.Domain\UserManagement.Domain.csproj", "{18BF40BF-A8DB-4A42-9C29-89B07882BFA1}"
EndProject
Project("{FAE04EC0-301F-11D3-BF4B-00C04F79EFBC}") = "UserManagement.Infrastructure", "UserManagement.Infrastructure\UserManagement.Infrastructure.csproj", "{9C32D5A9-E690-4485-B74B-9E9CC6ACBE2A}"
EndProject
Project("{FAE04EC0-301F-11D3-BF4B-00C04F79EFBC}") = "UserManagement.API", "UserManagement.API\UserManagement.API.csproj", "{7AA17832-714E-4905-AE7C-ECAE1C68B266}"
EndProject
Project("{2150E333-8FDC-42A3-9474-1A3956D46DE8}") = "Shared", "Shared", "{EAE45F22-459E-49B4-8C31-C83D2A034BAC}"
EndProject
Project("{FAE04EC0-301F-11D3-BF4B-00C04F79EFBC}") = "UserManagement.Shared", "UserManagement.Shared\UserManagement.Shared.csproj", "{28053485-919B-496B-8FD8-CC7611F42643}"
EndProject
Global
	GlobalSection(SolutionConfigurationPlatforms) = preSolution
		Debug|Any CPU = Debug|Any CPU
		Release|Any CPU = Release|Any CPU
	EndGlobalSection
	GlobalSection(ProjectConfigurationPlatforms) = postSolution
		{3728D979-CCA1-46BE-A76C-54ED93AE1329}.Debug|Any CPU.ActiveCfg = Debug|Any CPU
		{3728D979-CCA1-46BE-A76C-54ED93AE1329}.Debug|Any CPU.Build.0 = Debug|Any CPU
		{3728D979-CCA1-46BE-A76C-54ED93AE1329}.Release|Any CPU.ActiveCfg = Release|Any CPU
		{3728D979-CCA1-46BE-A76C-54ED93AE1329}.Release|Any CPU.Build.0 = Release|Any CPU
		{DE631DF3-57D6-4EFD-97D2-5FB404C53B66}.Debug|Any CPU.ActiveCfg = Debug|Any CPU
		{DE631DF3-57D6-4EFD-97D2-5FB404C53B66}.Debug|Any CPU.Build.0 = Debug|Any CPU
		{DE631DF3-57D6-4EFD-97D2-5FB404C53B66}.Release|Any CPU.ActiveCfg = Release|Any CPU
		{DE631DF3-57D6-4EFD-97D2-5FB404C53B66}.Release|Any CPU.Build.0 = Release|Any CPU
		{E60E50B3-CEC8-4F2C-BEA4-F3EC416D5AC6}.Debug|Any CPU.ActiveCfg = Debug|Any CPU
		{E60E50B3-CEC8-4F2C-BEA4-F3EC416D5AC6}.Debug|Any CPU.Build.0 = Debug|Any CPU
		{E60E50B3-CEC8-4F2C-BEA4-F3EC416D5AC6}.Release|Any CPU.ActiveCfg = Release|Any CPU
		{E60E50B3-CEC8-4F2C-BEA4-F3EC416D5AC6}.Release|Any CPU.Build.0 = Release|Any CPU
		{F50B5244-6196-4D00-B5ED-FD349F817E9A}.Debug|Any CPU.ActiveCfg = Debug|Any CPU
		{F50B5244-6196-4D00-B5ED-FD349F817E9A}.Debug|Any CPU.Build.0 = Debug|Any CPU
		{F50B5244-6196-4D00-B5ED-FD349F817E9A}.Release|Any CPU.ActiveCfg = Release|Any CPU
		{F50B5244-6196-4D00-B5ED-FD349F817E9A}.Release|Any CPU.Build.0 = Release|Any CPU
		{392E750F-F643-4D6A-B799-F2EF707E5C0B}.Debug|Any CPU.ActiveCfg = Debug|Any CPU
		{392E750F-F643-4D6A-B799-F2EF707E5C0B}.Debug|Any CPU.Build.0 = Debug|Any CPU
		{392E750F-F643-4D6A-B799-F2EF707E5C0B}.Release|Any CPU.ActiveCfg = Release|Any CPU
		{392E750F-F643-4D6A-B799-F2EF707E5C0B}.Release|Any CPU.Build.0 = Release|Any CPU
		{18BF40BF-A8DB-4A42-9C29-89B07882BFA1}.Debug|Any CPU.ActiveCfg = Debug|Any CPU
		{18BF40BF-A8DB-4A42-9C29-89B07882BFA1}.Debug|Any CPU.Build.0 = Debug|Any CPU
		{18BF40BF-A8DB-4A42-9C29-89B07882BFA1}.Release|Any CPU.ActiveCfg = Release|Any CPU
		{18BF40BF-A8DB-4A42-9C29-89B07882BFA1}.Release|Any CPU.Build.0 = Release|Any CPU
		{9C32D5A9-E690-4485-B74B-9E9CC6ACBE2A}.Debug|Any CPU.ActiveCfg = Debug|Any CPU
		{9C32D5A9-E690-4485-B74B-9E9CC6ACBE2A}.Debug|Any CPU.Build.0 = Debug|Any CPU
		{9C32D5A9-E690-4485-B74B-9E9CC6ACBE2A}.Release|Any CPU.ActiveCfg = Release|Any CPU
		{9C32D5A9-E690-4485-B74B-9E9CC6ACBE2A}.Release|Any CPU.Build.0 = Release|Any CPU
		{7AA17832-714E-4905-AE7C-ECAE1C68B266}.Debug|Any CPU.ActiveCfg = Debug|Any CPU
		{7AA17832-714E-4905-AE7C-ECAE1C68B266}.Debug|Any CPU.Build.0 = Debug|Any CPU
		{7AA17832-714E-4905-AE7C-ECAE1C68B266}.Release|Any CPU.ActiveCfg = Release|Any CPU
		{7AA17832-714E-4905-AE7C-ECAE1C68B266}.Release|Any CPU.Build.0 = Release|Any CPU
		{28053485-919B-496B-8FD8-CC7611F42643}.Debug|Any CPU.ActiveCfg = Debug|Any CPU
		{28053485-919B-496B-8FD8-CC7611F42643}.Debug|Any CPU.Build.0 = Debug|Any CPU
		{28053485-919B-496B-8FD8-CC7611F42643}.Release|Any CPU.ActiveCfg = Release|Any CPU
		{28053485-919B-496B-8FD8-CC7611F42643}.Release|Any CPU.Build.0 = Release|Any CPU
	EndGlobalSection
	GlobalSection(SolutionProperties) = preSolution
		HideSolutionNode = FALSE
	EndGlobalSection
	GlobalSection(NestedProjects) = preSolution
		{D0CB4D3F-B38F-46A9-A7DE-C1BCD5A6A322} = {26D0EC76-EDA6-4780-AC52-F041FE5E13CB}
		{8FD2F105-4856-4C65-AEA9-0AEA6E3E9BB7} = {26D0EC76-EDA6-4780-AC52-F041FE5E13CB}
		{066FE032-121E-49B9-8EF3-07C5BCD55DB7} = {26D0EC76-EDA6-4780-AC52-F041FE5E13CB}
		{65A30370-67D2-412E-94D1-9D6F5A625419} = {26D0EC76-EDA6-4780-AC52-F041FE5E13CB}
		{3728D979-CCA1-46BE-A76C-54ED93AE1329} = {65A30370-67D2-412E-94D1-9D6F5A625419}
		{DE631DF3-57D6-4EFD-97D2-5FB404C53B66} = {8FD2F105-4856-4C65-AEA9-0AEA6E3E9BB7}
		{E60E50B3-CEC8-4F2C-BEA4-F3EC416D5AC6} = {D0CB4D3F-B38F-46A9-A7DE-C1BCD5A6A322}
		{F50B5244-6196-4D00-B5ED-FD349F817E9A} = {066FE032-121E-49B9-8EF3-07C5BCD55DB7}
		{26D0EC76-EDA6-4780-AC52-F041FE5E13CB} = {02EA681E-C7D8-13C7-8484-4AC65E1B71E8}
		{4D78FA02-3C2A-451A-B9BD-A0D96E4D230D} = {02EA681E-C7D8-13C7-8484-4AC65E1B71E8}
		{E56DFE4B-27B7-4E8D-8C8C-7B0C4842BFFB} = {4D78FA02-3C2A-451A-B9BD-A0D96E4D230D}
		{30746487-2E4B-4E6A-AA15-2C92127599E6} = {4D78FA02-3C2A-451A-B9BD-A0D96E4D230D}
		{FFE4FB5C-423A-49D7-8B43-A15E02A08A3E} = {4D78FA02-3C2A-451A-B9BD-A0D96E4D230D}
		{97F6E7EE-15A5-48EE-9E99-2BD16B3085C2} = {4D78FA02-3C2A-451A-B9BD-A0D96E4D230D}
		{392E750F-F643-4D6A-B799-F2EF707E5C0B} = {30746487-2E4B-4E6A-AA15-2C92127599E6}
		{18BF40BF-A8DB-4A42-9C29-89B07882BFA1} = {FFE4FB5C-423A-49D7-8B43-A15E02A08A3E}
		{9C32D5A9-E690-4485-B74B-9E9CC6ACBE2A} = {97F6E7EE-15A5-48EE-9E99-2BD16B3085C2}
		{7AA17832-714E-4905-AE7C-ECAE1C68B266} = {E56DFE4B-27B7-4E8D-8C8C-7B0C4842BFFB}
		{EAE45F22-459E-49B4-8C31-C83D2A034BAC} = {4D78FA02-3C2A-451A-B9BD-A0D96E4D230D}
		{28053485-919B-496B-8FD8-CC7611F42643} = {EAE45F22-459E-49B4-8C31-C83D2A034BAC}
	EndGlobalSection
	GlobalSection(ExtensibilityGlobals) = postSolution
		SolutionGuid = {6693B3F3-2169-45E0-A645-B89989CC0D3F}
	EndGlobalSection
EndGlobal
